{
  "name": "helloworld",
  "version": "1.0.0",
  "lockfileVersion": 3,
  "requires": true,
  "packages": {
    "": {
      "name": "helloworld",
      "version": "1.0.0",
      "license": "MIT",
      "dependencies": {
        "@kevboutin/azure-middy-core": "^0.1.0",
        "@kevboutin/azure-middy-logger": "^0.1.0"
      }
    },
    "node_modules/@kevboutin/azure-middy-core": {
      "version": "0.1.0",
      "resolved": "https://registry.npmjs.org/@kevboutin/azure-middy-core/-/azure-middy-core-0.1.0.tgz",
      "integrity": "sha512-zoDt0PnlEg6KxMOwegk3KuoyxCc4/FR3TbsR2C9qFuIQ7qQ1qiPDAfZYADsOiFONk3SaLmUoo3x+ZY69FBeCTw==",
      "engines": {
        "node": ">=18"
      }
    },
    "node_modules/@kevboutin/azure-middy-logger": {
      "version": "0.1.0",
      "resolved": "https://registry.npmjs.org/@kevboutin/azure-middy-logger/-/azure-middy-logger-0.1.0.tgz",
      "integrity": "sha512-YL/cCNYYCq22pW7NosRJ80Q6KkQ0m8AWYaIxQboRhO+AqYiIzapKOBZz9tld+qmQ5x1QaUIbj+MoexRBd8XTkA==",
      "dependencies": {
        "@kevboutin/azure-middy-util": "0.1.0",
        "azure-function-log-intercept": "^1.1.4"
      },
      "engines": {
        "node": ">=18"
      }
    },
    "node_modules/@kevboutin/azure-middy-util": {
      "version": "0.1.0",
      "resolved": "https://registry.npmjs.org/@kevboutin/azure-middy-util/-/azure-middy-util-0.1.0.tgz",
      "integrity": "sha512-W41DvQpttKhJPqoWHn1sTTpcGtNTFHWrY71zU4YOvUNs3kzweC/GInymiP3oe0AX3wDyY/KucfFUl9WsmJ4RXA=="
    },
    "node_modules/azure-function-log-intercept": {
      "version": "1.1.4",
      "resolved": "https://registry.npmjs.org/azure-function-log-intercept/-/azure-function-log-intercept-1.1.4.tgz",
      "integrity": "sha512-eFJWspPnlZMom5dZJ0SHFs9Gc455GrRVSdyt8GDT8CBmOIOJv37Nt5YmVsxVoWT6BeLcV2iaPaJvDfZFJY/PbA=="
    }
  }
}
